
Microsoft Visual Studio Solution File, Format Version 12.00
# Visual Studio 2013
VisualStudioVersion = 12.0.31101.0
MinimumVisualStudioVersion = 10.0.40219.1
Project("{FAE04EC0-301F-11D3-BF4B-00C04F79EFBC}") = "ServerTrack", "ServerTrack\ServerTrack.csproj", "{BFF6371E-6FB9-4062-92F7-EFDE94CB18B0}"
EndProject
Project("{FAE04EC0-301F-11D3-BF4B-00C04F79EFBC}") = "ServerTrackTest", "ServerTrackTest\ServerTrackTest.csproj", "{0E5EE22F-5688-4355-B6E7-E772E205BF42}"
EndProject
Global
	GlobalSection(SolutionConfigurationPlatforms) = preSolution
		Debug|Any CPU = Debug|Any CPU
		Release|Any CPU = Release|Any CPU
	EndGlobalSection
	GlobalSection(ProjectConfigurationPlatforms) = postSolution
		{BFF6371E-6FB9-4062-92F7-EFDE94CB18B0}.Debug|Any CPU.ActiveCfg = Debug|Any CPU
		{BFF6371E-6FB9-4062-92F7-EFDE94CB18B0}.Debug|Any CPU.Build.0 = Debug|Any CPU
		{BFF6371E-6FB9-4062-92F7-EFDE94CB18B0}.Release|Any CPU.ActiveCfg = Release|Any CPU
		{BFF6371E-6FB9-4062-92F7-EFDE94CB18B0}.Release|Any CPU.Build.0 = Release|Any CPU
		{0E5EE22F-5688-4355-B6E7-E772E205BF42}.Debug|Any CPU.ActiveCfg = Debug|Any CPU
		{0E5EE22F-5688-4355-B6E7-E772E205BF42}.Debug|Any CPU.Build.0 = Debug|Any CPU
		{0E5EE22F-5688-4355-B6E7-E772E205BF42}.Release|Any CPU.ActiveCfg = Release|Any CPU
		{0E5EE22F-5688-4355-B6E7-E772E205BF42}.Release|Any CPU.Build.0 = Release|Any CPU
	EndGlobalSection
	GlobalSection(SolutionProperties) = preSolution
		HideSolutionNode = FALSE
	EndGlobalSection
EndGlobal
